// !$*UTF8*$!
{
	archiveVersion = 1;
	classes = {
	};
	objectVersion = 46;
	objects = {

/* Begin PBXBuildFile section */
		3536796B196A2B0E00D47393 /* Foundation.framework in Frameworks */ = {isa = PBXBuildFile; fileRef = 3536796A196A2B0E00D47393 /* Foundation.framework */; };
		3536796D196A2B0E00D47393 /* CoreGraphics.framework in Frameworks */ = {isa = PBXBuildFile; fileRef = 3536796C196A2B0E00D47393 /* CoreGraphics.framework */; };
		3536796F196A2B0E00D47393 /* UIKit.framework in Frameworks */ = {isa = PBXBuildFile; fileRef = 3536796E196A2B0E00D47393 /* UIKit.framework */; };
		35367975196A2B0E00D47393 /* InfoPlist.strings in Resources */ = {isa = PBXBuildFile; fileRef = 35367973196A2B0E00D47393 /* InfoPlist.strings */; };
		35367977196A2B0E00D47393 /* main.m in Sources */ = {isa = PBXBuildFile; fileRef = 35367976196A2B0E00D47393 /* main.m */; };
		3536797B196A2B0E00D47393 /* AppDelegate.m in Sources */ = {isa = PBXBuildFile; fileRef = 3536797A196A2B0E00D47393 /* AppDelegate.m */; };
		3536797D196A2B0E00D47393 /* Images.xcassets in Resources */ = {isa = PBXBuildFile; fileRef = 3536797C196A2B0E00D47393 /* Images.xcassets */; };
		35367984196A2B0E00D47393 /* XCTest.framework in Frameworks */ = {isa = PBXBuildFile; fileRef = 35367983196A2B0E00D47393 /* XCTest.framework */; };
		35367985196A2B0E00D47393 /* Foundation.framework in Frameworks */ = {isa = PBXBuildFile; fileRef = 3536796A196A2B0E00D47393 /* Foundation.framework */; };
		35367986196A2B0E00D47393 /* UIKit.framework in Frameworks */ = {isa = PBXBuildFile; fileRef = 3536796E196A2B0E00D47393 /* UIKit.framework */; };
		3536798E196A2B0E00D47393 /* InfoPlist.strings in Resources */ = {isa = PBXBuildFile; fileRef = 3536798C196A2B0E00D47393 /* InfoPlist.strings */; };
		35367990196A2B0E00D47393 /* Hwk3Tests.m in Sources */ = {isa = PBXBuildFile; fileRef = 3536798F196A2B0E00D47393 /* Hwk3Tests.m */; };
		353679A2196A5CC100D47393 /* MenuViewController.m in Sources */ = {isa = PBXBuildFile; fileRef = 353679A0196A5CC100D47393 /* MenuViewController.m */; };
		353679A3196A5CC100D47393 /* MenuViewController.xib in Resources */ = {isa = PBXBuildFile; fileRef = 353679A1196A5CC100D47393 /* MenuViewController.xib */; };
/* End PBXBuildFile section */

/* Begin PBXContainerItemProxy section */
		35367987196A2B0E00D47393 /* PBXContainerItemProxy */ = {
			isa = PBXContainerItemProxy;
			containerPortal = 3536795F196A2B0E00D47393 /* Project object */;
			proxyType = 1;
			remoteGlobalIDString = 35367966196A2B0E00D47393;
			remoteInfo = Hwk3;
		};
/* End PBXContainerItemProxy section */

/* Begin PBXFileReference section */
		35367967196A2B0E00D47393 /* Hwk3.app */ = {isa = PBXFileReference; explicitFileType = wrapper.application; includeInIndex = 0; path = Hwk3.app; sourceTree = BUILT_PRODUCTS_DIR; };
		3536796A196A2B0E00D47393 /* Foundation.framework */ = {isa = PBXFileReference; lastKnownFileType = wrapper.framework; name = Foundation.framework; path = System/Library/Frameworks/Foundation.framework; sourceTree = SDKROOT; };
		3536796C196A2B0E00D47393 /* CoreGraphics.framework */ = {isa = PBXFileReference; lastKnownFileType = wrapper.framework; name = CoreGraphics.framework; path = System/Library/Frameworks/CoreGraphics.framework; sourceTree = SDKROOT; };
		3536796E196A2B0E00D47393 /* UIKit.framework */ = {isa = PBXFileReference; lastKnownFileType = wrapper.framework; name = UIKit.framework; path = System/Library/Frameworks/UIKit.framework; sourceTree = SDKROOT; };
		35367972196A2B0E00D47393 /* Hwk3-Info.plist */ = {isa = PBXFileReference; lastKnownFileType = text.plist.xml; path = "Hwk3-Info.plist"; sourceTree = "<group>"; };
		35367974196A2B0E00D47393 /* en */ = {isa = PBXFileReference; lastKnownFileType = text.plist.strings; name = en; path = en.lproj/InfoPlist.strings; sourceTree = "<group>"; };
		35367976196A2B0E00D47393 /* main.m */ = {isa = PBXFileReference; lastKnownFileType = sourcecode.c.objc; path = main.m; sourceTree = "<group>"; };
		35367978196A2B0E00D47393 /* Hwk3-Prefix.pch */ = {isa = PBXFileReference; lastKnownFileType = sourcecode.c.h; path = "Hwk3-Prefix.pch"; sourceTree = "<group>"; };
		35367979196A2B0E00D47393 /* AppDelegate.h */ = {isa = PBXFileReference; lastKnownFileType = sourcecode.c.h; path = AppDelegate.h; sourceTree = "<group>"; };
		3536797A196A2B0E00D47393 /* AppDelegate.m */ = {isa = PBXFileReference; lastKnownFileType = sourcecode.c.objc; path = AppDelegate.m; sourceTree = "<group>"; };
		3536797C196A2B0E00D47393 /* Images.xcassets */ = {isa = PBXFileReference; lastKnownFileType = folder.assetcatalog; path = Images.xcassets; sourceTree = "<group>"; };
		35367982196A2B0E00D47393 /* Hwk3Tests.xctest */ = {isa = PBXFileReference; explicitFileType = wrapper.cfbundle; includeInIndex = 0; path = Hwk3Tests.xctest; sourceTree = BUILT_PRODUCTS_DIR; };
		35367983196A2B0E00D47393 /* XCTest.framework */ = {isa = PBXFileReference; lastKnownFileType = wrapper.framework; name = XCTest.framework; path = Library/Frameworks/XCTest.framework; sourceTree = DEVELOPER_DIR; };
		3536798B196A2B0E00D47393 /* Hwk3Tests-Info.plist */ = {isa = PBXFileReference; lastKnownFileType = text.plist.xml; path = "Hwk3Tests-Info.plist"; sourceTree = "<group>"; };
		3536798D196A2B0E00D47393 /* en */ = {isa = PBXFileReference; lastKnownFileType = text.plist.strings; name = en; path = en.lproj/InfoPlist.strings; sourceTree = "<group>"; };
		3536798F196A2B0E00D47393 /* Hwk3Tests.m */ = {isa = PBXFileReference; lastKnownFileType = sourcecode.c.objc; path = Hwk3Tests.m; sourceTree = "<group>"; };
		3536799F196A5CC100D47393 /* MenuViewController.h */ = {isa = PBXFileReference; fileEncoding = 4; lastKnownFileType = sourcecode.c.h; path = MenuViewController.h; sourceTree = "<group>"; };
		353679A0196A5CC100D47393 /* MenuViewController.m */ = {isa = PBXFileReference; fileEncoding = 4; lastKnownFileType = sourcecode.c.objc; path = MenuViewController.m; sourceTree = "<group>"; };
		353679A1196A5CC100D47393 /* MenuViewController.xib */ = {isa = PBXFileReference; fileEncoding = 4; lastKnownFileType = file.xib; path = MenuViewController.xib; sourceTree = "<group>"; };
/* End PBXFileReference section */

/* Begin PBXFrameworksBuildPhase section */
		35367964196A2B0E00D47393 /* Frameworks */ = {
			isa = PBXFrameworksBuildPhase;
			buildActionMask = 2147483647;
			files = (
				3536796D196A2B0E00D47393 /* CoreGraphics.framework in Frameworks */,
				3536796F196A2B0E00D47393 /* UIKit.framework in Frameworks */,
				3536796B196A2B0E00D47393 /* Foundation.framework in Frameworks */,
			);
			runOnlyForDeploymentPostprocessing = 0;
		};
		3536797F196A2B0E00D47393 /* Frameworks */ = {
			isa = PBXFrameworksBuildPhase;
			buildActionMask = 2147483647;
			files = (
				35367984196A2B0E00D47393 /* XCTest.framework in Frameworks */,
				35367986196A2B0E00D47393 /* UIKit.framework in Frameworks */,
				35367985196A2B0E00D47393 /* Foundation.framework in Frameworks */,
			);
			runOnlyForDeploymentPostprocessing = 0;
		};
/* End PBXFrameworksBuildPhase section */

/* Begin PBXGroup section */
		3536795E196A2B0E00D47393 = {
			isa = PBXGroup;
			children = (
				35367970196A2B0E00D47393 /* Hwk3 */,
				35367989196A2B0E00D47393 /* Hwk3Tests */,
				35367969196A2B0E00D47393 /* Frameworks */,
				35367968196A2B0E00D47393 /* Products */,
			);
			sourceTree = "<group>";
		};
		35367968196A2B0E00D47393 /* Products */ = {
			isa = PBXGroup;
			children = (
				35367967196A2B0E00D47393 /* Hwk3.app */,
				35367982196A2B0E00D47393 /* Hwk3Tests.xctest */,
			);
			name = Products;
			sourceTree = "<group>";
		};
		35367969196A2B0E00D47393 /* Frameworks */ = {
			isa = PBXGroup;
			children = (
				3536796A196A2B0E00D47393 /* Foundation.framework */,
				3536796C196A2B0E00D47393 /* CoreGraphics.framework */,
				3536796E196A2B0E00D47393 /* UIKit.framework */,
				35367983196A2B0E00D47393 /* XCTest.framework */,
			);
			name = Frameworks;
			sourceTree = "<group>";
		};
		35367970196A2B0E00D47393 /* Hwk3 */ = {
			isa = PBXGroup;
			children = (
				3536799E196A5CA700D47393 /* ViewControllers */,
				35367979196A2B0E00D47393 /* AppDelegate.h */,
				3536797A196A2B0E00D47393 /* AppDelegate.m */,
				3536797C196A2B0E00D47393 /* Images.xcassets */,
				35367971196A2B0E00D47393 /* Supporting Files */,
			);
			path = Hwk3;
			sourceTree = "<group>";
		};
		35367971196A2B0E00D47393 /* Supporting Files */ = {
			isa = PBXGroup;
			children = (
				35367972196A2B0E00D47393 /* Hwk3-Info.plist */,
				35367973196A2B0E00D47393 /* InfoPlist.strings */,
				35367976196A2B0E00D47393 /* main.m */,
				35367978196A2B0E00D47393 /* Hwk3-Prefix.pch */,
			);
			name = "Supporting Files";
			sourceTree = "<group>";
		};
		35367989196A2B0E00D47393 /* Hwk3Tests */ = {
			isa = PBXGroup;
			children = (
				3536798F196A2B0E00D47393 /* Hwk3Tests.m */,
				3536798A196A2B0E00D47393 /* Supporting Files */,
			);
			path = Hwk3Tests;
			sourceTree = "<group>";
		};
		3536798A196A2B0E00D47393 /* Supporting Files */ = {
			isa = PBXGroup;
			children = (
				3536798B196A2B0E00D47393 /* Hwk3Tests-Info.plist */,
				3536798C196A2B0E00D47393 /* InfoPlist.strings */,
			);
			name = "Supporting Files";
			sourceTree = "<group>";
		};
		3536799E196A5CA700D47393 /* ViewControllers */ = {
			isa = PBXGroup;
			children = (
				3536799F196A5CC100D47393 /* MenuViewController.h */,
				353679A0196A5CC100D47393 /* MenuViewController.m */,
				353679A1196A5CC100D47393 /* MenuViewController.xib */,
			);
			name = ViewControllers;
			sourceTree = "<group>";
		};
/* End PBXGroup section */

/* Begin PBXNativeTarget section */
		35367966196A2B0E00D47393 /* Hwk3 */ = {
			isa = PBXNativeTarget;
			buildConfigurationList = 35367993196A2B0E00D47393 /* Build configuration list for PBXNativeTarget "Hwk3" */;
			buildPhases = (
				35367963196A2B0E00D47393 /* Sources */,
				35367964196A2B0E00D47393 /* Frameworks */,
				35367965196A2B0E00D47393 /* Resources */,
			);
			buildRules = (
			);
			dependencies = (
			);
			name = Hwk3;
			productName = Hwk3;
			productReference = 35367967196A2B0E00D47393 /* Hwk3.app */;
			productType = "com.apple.product-type.application";
		};
		35367981196A2B0E00D47393 /* Hwk3Tests */ = {
			isa = PBXNativeTarget;
			buildConfigurationList = 35367996196A2B0E00D47393 /* Build configuration list for PBXNativeTarget "Hwk3Tests" */;
			buildPhases = (
				3536797E196A2B0E00D47393 /* Sources */,
				3536797F196A2B0E00D47393 /* Frameworks */,
				35367980196A2B0E00D47393 /* Resources */,
			);
			buildRules = (
			);
			dependencies = (
				35367988196A2B0E00D47393 /* PBXTargetDependency */,
			);
			name = Hwk3Tests;
			productName = Hwk3Tests;
			productReference = 35367982196A2B0E00D47393 /* Hwk3Tests.xctest */;
			productType = "com.apple.product-type.bundle.unit-test";
		};
/* End PBXNativeTarget section */

/* Begin PBXProject section */
		3536795F196A2B0E00D47393 /* Project object */ = {
			isa = PBXProject;
			attributes = {
				LastUpgradeCheck = 0510;
				ORGANIZATIONNAME = "Jen Milam";
				TargetAttributes = {
					35367981196A2B0E00D47393 = {
						TestTargetID = 35367966196A2B0E00D47393;
					};
				};
			};
			buildConfigurationList = 35367962196A2B0E00D47393 /* Build configuration list for PBXProject "Hwk3" */;
			compatibilityVersion = "Xcode 3.2";
			developmentRegion = English;
			hasScannedForEncodings = 0;
			knownRegions = (
				en,
			);
			mainGroup = 3536795E196A2B0E00D47393;
			productRefGroup = 35367968196A2B0E00D47393 /* Products */;
			projectDirPath = "";
			projectRoot = "";
			targets = (
				35367966196A2B0E00D47393 /* Hwk3 */,
				35367981196A2B0E00D47393 /* Hwk3Tests */,
			);
		};
/* End PBXProject section */

/* Begin PBXResourcesBuildPhase section */
		35367965196A2B0E00D47393 /* Resources */ = {
			isa = PBXResourcesBuildPhase;
			buildActionMask = 2147483647;
			files = (
				35367975196A2B0E00D47393 /* InfoPlist.strings in Resources */,
				3536797D196A2B0E00D47393 /* Images.xcassets in Resources */,
				353679A3196A5CC100D47393 /* MenuViewController.xib in Resources */,
			);
			runOnlyForDeploymentPostprocessing = 0;
		};
		35367980196A2B0E00D47393 /* Resources */ = {
			isa = PBXResourcesBuildPhase;
			buildActionMask = 2147483647;
			files = (
				3536798E196A2B0E00D47393 /* InfoPlist.strings in Resources */,
			);
			runOnlyForDeploymentPostprocessing = 0;
		};
/* End PBXResourcesBuildPhase section */

/* Begin PBXSourcesBuildPhase section */
		35367963196A2B0E00D47393 /* Sources */ = {
			isa = PBXSourcesBuildPhase;
			buildActionMask = 2147483647;
			files = (
				3536797B196A2B0E00D47393 /* AppDelegate.m in Sources */,
				35367977196A2B0E00D47393 /* main.m in Sources */,
				353679A2196A5CC100D47393 /* MenuViewController.m in Sources */,
			);
			runOnlyForDeploymentPostprocessing = 0;
		};
		3536797E196A2B0E00D47393 /* Sources */ = {
			isa = PBXSourcesBuildPhase;
			buildActionMask = 2147483647;
			files = (
				35367990196A2B0E00D47393 /* Hwk3Tests.m in Sources */,
			);
			runOnlyForDeploymentPostprocessing = 0;
		};
/* End PBXSourcesBuildPhase section */

/* Begin PBXTargetDependency section */
		35367988196A2B0E00D47393 /* PBXTargetDependency */ = {
			isa = PBXTargetDependency;
			target = 35367966196A2B0E00D47393 /* Hwk3 */;
			targetProxy = 35367987196A2B0E00D47393 /* PBXContainerItemProxy */;
		};
/* End PBXTargetDependency section */

/* Begin PBXVariantGroup section */
		35367973196A2B0E00D47393 /* InfoPlist.strings */ = {
			isa = PBXVariantGroup;
			children = (
				35367974196A2B0E00D47393 /* en */,
			);
			name = InfoPlist.strings;
			sourceTree = "<group>";
		};
		3536798C196A2B0E00D47393 /* InfoPlist.strings */ = {
			isa = PBXVariantGroup;
			children = (
				3536798D196A2B0E00D47393 /* en */,
			);
			name = InfoPlist.strings;
			sourceTree = "<group>";
		};
/* End PBXVariantGroup section */

/* Begin XCBuildConfiguration section */
		35367991196A2B0E00D47393 /* Debug */ = {
			isa = XCBuildConfiguration;
			buildSettings = {
				ALWAYS_SEARCH_USER_PATHS = NO;
				CLANG_CXX_LANGUAGE_STANDARD = "gnu++0x";
				CLANG_CXX_LIBRARY = "libc++";
				CLANG_ENABLE_MODULES = YES;
				CLANG_ENABLE_OBJC_ARC = YES;
				CLANG_WARN_BOOL_CONVERSION = YES;
				CLANG_WARN_CONSTANT_CONVERSION = YES;
				CLANG_WARN_DIRECT_OBJC_ISA_USAGE = YES_ERROR;
				CLANG_WARN_EMPTY_BODY = YES;
				CLANG_WARN_ENUM_CONVERSION = YES;
				CLANG_WARN_INT_CONVERSION = YES;
				CLANG_WARN_OBJC_ROOT_CLASS = YES_ERROR;
				CLANG_WARN__DUPLICATE_METHOD_MATCH = YES;
				"CODE_SIGN_IDENTITY[sdk=iphoneos*]" = "iPhone Developer";
				COPY_PHASE_STRIP = NO;
				GCC_C_LANGUAGE_STANDARD = gnu99;
				GCC_DYNAMIC_NO_PIC = NO;
				GCC_OPTIMIZATION_LEVEL = 0;
				GCC_PREPROCESSOR_DEFINITIONS = (
					"DEBUG=1",
					"$(inherited)",
				);
				GCC_SYMBOLS_PRIVATE_EXTERN = NO;
				GCC_WARN_64_TO_32_BIT_CONVERSION = YES;
				GCC_WARN_ABOUT_RETURN_TYPE = YES_ERROR;
				GCC_WARN_UNDECLARED_SELECTOR = YES;
				GCC_WARN_UNINITIALIZED_AUTOS = YES_AGGRESSIVE;
				GCC_WARN_UNUSED_FUNCTION = YES;
				GCC_WARN_UNUSED_VARIABLE = YES;
				IPHONEOS_DEPLOYMENT_TARGET = 7.1;
				ONLY_ACTIVE_ARCH = YES;
				SDKROOT = iphoneos;
			};
			name = Debug;
		};
		35367992196A2B0E00D47393 /* Release */ = {
			isa = XCBuildConfiguration;
			buildSettings = {
				ALWAYS_SEARCH_USER_PATHS = NO;
				CLANG_CXX_LANGUAGE_STANDARD = "gnu++0x";
				CLANG_CXX_LIBRARY = "libc++";
				CLANG_ENABLE_MODULES = YES;
				CLANG_ENABLE_OBJC_ARC = YES;
				CLANG_WARN_BOOL_CONVERSION = YES;
				CLANG_WARN_CONSTANT_CONVERSION = YES;
				CLANG_WARN_DIRECT_OBJC_ISA_USAGE = YES_ERROR;
				CLANG_WARN_EMPTY_BODY = YES;
				CLANG_WARN_ENUM_CONVERSION = YES;
				CLANG_WARN_INT_CONVERSION = YES;
				CLANG_WARN_OBJC_ROOT_CLASS = YES_ERROR;
				CLANG_WARN__DUPLICATE_METHOD_MATCH = YES;
				"CODE_SIGN_IDENTITY[sdk=iphoneos*]" = "iPhone Developer";
				COPY_PHASE_STRIP = YES;
				ENABLE_NS_ASSERTIONS = NO;
				GCC_C_LANGUAGE_STANDARD = gnu99;
				GCC_WARN_64_TO_32_BIT_CONVERSION = YES;
				GCC_WARN_ABOUT_RETURN_TYPE = YES_ERROR;
				GCC_WARN_UNDECLARED_SELECTOR = YES;
				GCC_WARN_UNINITIALIZED_AUTOS = YES_AGGRESSIVE;
				GCC_WARN_UNUSED_FUNCTION = YES;
				GCC_WARN_UNUSED_VARIABLE = YES;
				IPHONEOS_DEPLOYMENT_TARGET = 7.1;
				SDKROOT = iphoneos;
				VALIDATE_PRODUCT = YES;
			};
			name = Release;
		};
		35367994196A2B0E00D47393 /* Debug */ = {
			isa = XCBuildConfiguration;
			buildSettings = {
				ASSETCATALOG_COMPILER_APPICON_NAME = AppIcon;
				ASSETCATALOG_COMPILER_LAUNCHIMAGE_NAME = LaunchImage;
				GCC_PRECOMPILE_PREFIX_HEADER = YES;
				GCC_PREFIX_HEADER = "Hwk3/Hwk3-Prefix.pch";
				INFOPLIST_FILE = "Hwk3/Hwk3-Info.plist";
				PRODUCT_NAME = "$(TARGET_NAME)";
				WRAPPER_EXTENSION = app;
			};
			name = Debug;
		};
		35367995196A2B0E00D47393 /* Release */ = {
			isa = XCBuildConfiguration;
			buildSettings = {
				ASSETCATALOG_COMPILER_APPICON_NAME = AppIcon;
				ASSETCATALOG_COMPILER_LAUNCHIMAGE_NAME = LaunchImage;
				GCC_PRECOMPILE_PREFIX_HEADER = YES;
				GCC_PREFIX_HEADER = "Hwk3/Hwk3-Prefix.pch";
				INFOPLIST_FILE = "Hwk3/Hwk3-Info.plist";
				PRODUCT_NAME = "$(TARGET_NAME)";
				WRAPPER_EXTENSION = app;
			};
			name = Release;
		};
		35367997196A2B0E00D47393 /* Debug */ = {
			isa = XCBuildConfiguration;
			buildSettings = {
				BUNDLE_LOADER = "$(BUILT_PRODUCTS_DIR)/Hwk3.app/Hwk3";
				FRAMEWORK_SEARCH_PATHS = (
					"$(SDKROOT)/Developer/Library/Frameworks",
					"$(inherited)",
					"$(DEVELOPER_FRAMEWORKS_DIR)",
				);
				GCC_PRECOMPILE_PREFIX_HEADER = YES;
				GCC_PREFIX_HEADER = "Hwk3/Hwk3-Prefix.pch";
				GCC_PREPROCESSOR_DEFINITIONS = (
					"DEBUG=1",
					"$(inherited)",
				);
				INFOPLIST_FILE = "Hwk3Tests/Hwk3Tests-Info.plist";
				PRODUCT_NAME = "$(TARGET_NAME)";
				TEST_HOST = "$(BUNDLE_LOADER)";
				WRAPPER_EXTENSION = xctest;
			};
			name = Debug;
		};
		35367998196A2B0E00D47393 /* Release */ = {
			isa = XCBuildConfiguration;
			buildSettings = {
				BUNDLE_LOADER = "$(BUILT_PRODUCTS_DIR)/Hwk3.app/Hwk3";
				FRAMEWORK_SEARCH_PATHS = (
					"$(SDKROOT)/Developer/Library/Frameworks",
					"$(inherited)",
					"$(DEVELOPER_FRAMEWORKS_DIR)",
				);
				GCC_PRECOMPILE_PREFIX_HEADER = YES;
				GCC_PREFIX_HEADER = "Hwk3/Hwk3-Prefix.pch";
				INFOPLIST_FILE = "Hwk3Tests/Hwk3Tests-Info.plist";
				PRODUCT_NAME = "$(TARGET_NAME)";
				TEST_HOST = "$(BUNDLE_LOADER)";
				WRAPPER_EXTENSION = xctest;
			};
			name = Release;
		};
/* End XCBuildConfiguration section */

/* Begin XCConfigurationList section */
		35367962196A2B0E00D47393 /* Build configuration list for PBXProject "Hwk3" */ = {
			isa = XCConfigurationList;
			buildConfigurations = (
				35367991196A2B0E00D47393 /* Debug */,
				35367992196A2B0E00D47393 /* Release */,
			);
			defaultConfigurationIsVisible = 0;
			defaultConfigurationName = Release;
		};
		35367993196A2B0E00D47393 /* Build configuration list for PBXNativeTarget "Hwk3" */ = {
			isa = XCConfigurationList;
			buildConfigurations = (
				35367994196A2B0E00D47393 /* Debug */,
				35367995196A2B0E00D47393 /* Release */,
			);
			defaultConfigurationIsVisible = 0;
		};
		35367996196A2B0E00D47393 /* Build configuration list for PBXNativeTarget "Hwk3Tests" */ = {
			isa = XCConfigurationList;
			buildConfigurations = (
				35367997196A2B0E00D47393 /* Debug */,
				35367998196A2B0E00D47393 /* Release */,
			);
			defaultConfigurationIsVisible = 0;
		};
/* End XCConfigurationList section */
	};
	rootObject = 3536795F196A2B0E00D47393 /* Project object */;
}
